
Microsoft Visual Studio Solution File, Format Version 12.00
# Visual Studio Version 17
VisualStudioVersion = 17.13.35825.156 d17.13
MinimumVisualStudioVersion = 10.0.40219.1
Project("{FAE04EC0-301F-11D3-BF4B-00C04F79EFBC}") = "Hospisim", "Hospisim.csproj", "{406A1B67-FEE0-4A5D-BBA8-96A5F9D90A73}"
EndProject
Global
	GlobalSection(SolutionConfigurationPlatforms) = preSolution
		Debug|Any CPU = Debug|Any CPU
		Release|Any CPU = Release|Any CPU
	EndGlobalSection
	GlobalSection(ProjectConfigurationPlatforms) = postSolution
		{406A1B67-FEE0-4A5D-BBA8-96A5F9D90A73}.Debug|Any CPU.ActiveCfg = Debug|Any CPU
		{406A1B67-FEE0-4A5D-BBA8-96A5F9D90A73}.Debug|Any CPU.Build.0 = Debug|Any CPU
		{406A1B67-FEE0-4A5D-BBA8-96A5F9D90A73}.Release|Any CPU.ActiveCfg = Release|Any CPU
		{406A1B67-FEE0-4A5D-BBA8-96A5F9D90A73}.Release|Any CPU.Build.0 = Release|Any CPU
	EndGlobalSection
	GlobalSection(SolutionProperties) = preSolution
		HideSolutionNode = FALSE
	EndGlobalSection
	GlobalSection(ExtensibilityGlobals) = postSolution
		SolutionGuid = {5D689EC5-FDBA-429B-A4A1-1960B9DCF0C8}
	EndGlobalSection
EndGlobal
